
Microsoft Visual Studio Solution File, Format Version 12.00
# Visual Studio Version 16
VisualStudioVersion = 16.0.29905.134
MinimumVisualStudioVersion = 10.0.40219.1
Project("{FAE04EC0-301F-11D3-BF4B-00C04F79EFBC}") = "B-TREE", "B-TREE\B-TREE.csproj", "{CBA36B74-AF7F-4053-9DAE-01AF82881C74}"
EndProject
Global
	GlobalSection(SolutionConfigurationPlatforms) = preSolution
		Debug|Any CPU = Debug|Any CPU
		Release|Any CPU = Release|Any CPU
	EndGlobalSection
	GlobalSection(ProjectConfigurationPlatforms) = postSolution
		{CBA36B74-AF7F-4053-9DAE-01AF82881C74}.Debug|Any CPU.ActiveCfg = Debug|Any CPU
		{CBA36B74-AF7F-4053-9DAE-01AF82881C74}.Debug|Any CPU.Build.0 = Debug|Any CPU
		{CBA36B74-AF7F-4053-9DAE-01AF82881C74}.Release|Any CPU.ActiveCfg = Release|Any CPU
		{CBA36B74-AF7F-4053-9DAE-01AF82881C74}.Release|Any CPU.Build.0 = Release|Any CPU
	EndGlobalSection
	GlobalSection(SolutionProperties) = preSolution
		HideSolutionNode = FALSE
	EndGlobalSection
	GlobalSection(ExtensibilityGlobals) = postSolution
		SolutionGuid = {D546849B-0FA6-4B2D-870C-22EA13466DAB}
	EndGlobalSection
EndGlobal
